
Microsoft Visual Studio Solution File, Format Version 12.00
# Visual Studio Version 16
VisualStudioVersion = 16.0.30523.141
MinimumVisualStudioVersion = 10.0.40219.1
Project("{2150E333-8FDC-42A3-9474-1A3956D46DE8}") = "src", "src", "{44BAC0C7-3AFA-4FB9-91C7-206929C52DB7}"
EndProject
Project("{2150E333-8FDC-42A3-9474-1A3956D46DE8}") = "Chat.Api", "Chat.Api", "{0670900B-9917-4BF0-BF85-A6944D580F8E}"
EndProject
Project("{2150E333-8FDC-42A3-9474-1A3956D46DE8}") = "Chat.Api.Core", "Chat.Api.Core", "{29CEA0F3-0787-4E57-B00C-D88012CF9EAA}"
EndProject
Project("{2150E333-8FDC-42A3-9474-1A3956D46DE8}") = "Chat.Api.Infrastructure", "Chat.Api.Infrastructure", "{3F66B977-45A1-428F-BD8A-DD7EFC698680}"
EndProject
Project("{2150E333-8FDC-42A3-9474-1A3956D46DE8}") = "Chat.Api.Web", "Chat.Api.Web", "{925F9C92-B1C4-4F44-99D7-C05CA103F64A}"
EndProject
Project("{9A19103F-16F7-4668-BE54-9A1E7A4F7556}") = "Chat.Api.Core", "src\Chat.Api\Chat.Api.Core\Chat.Api.Core.csproj", "{6F961542-C4D8-47DB-A80E-4F72E2192452}"
EndProject
Project("{9A19103F-16F7-4668-BE54-9A1E7A4F7556}") = "Chat.Api.Infrastructure", "src\Chat.Api\Chat.Api.Infrastructure\Chat.Api.Infrastructure.csproj", "{4C282FF1-9D7F-4124-974B-4294A0DC6E4F}"
EndProject
Project("{9A19103F-16F7-4668-BE54-9A1E7A4F7556}") = "Chat.Api.Web", "src\Chat.Api\Chat.Api.Web\Chat.Api.Web.csproj", "{C212B325-2011-4746-A221-719C630356FF}"
EndProject
Project("{2150E333-8FDC-42A3-9474-1A3956D46DE8}") = "Chat.Test", "Chat.Test", "{03C7DF9F-D2A7-4DB0-B2B6-0E7AAA82FC82}"
EndProject
Project("{9A19103F-16F7-4668-BE54-9A1E7A4F7556}") = "Chat.Test", "src\Chat.Test\Chat.Test\Chat.Test.csproj", "{DBE74AB9-A226-48FB-B1A1-6663A14341F8}"
EndProject
Global
	GlobalSection(SolutionConfigurationPlatforms) = preSolution
		Debug|Any CPU = Debug|Any CPU
		Release|Any CPU = Release|Any CPU
	EndGlobalSection
	GlobalSection(ProjectConfigurationPlatforms) = postSolution
		{6F961542-C4D8-47DB-A80E-4F72E2192452}.Debug|Any CPU.ActiveCfg = Debug|Any CPU
		{6F961542-C4D8-47DB-A80E-4F72E2192452}.Debug|Any CPU.Build.0 = Debug|Any CPU
		{6F961542-C4D8-47DB-A80E-4F72E2192452}.Release|Any CPU.ActiveCfg = Release|Any CPU
		{6F961542-C4D8-47DB-A80E-4F72E2192452}.Release|Any CPU.Build.0 = Release|Any CPU
		{4C282FF1-9D7F-4124-974B-4294A0DC6E4F}.Debug|Any CPU.ActiveCfg = Debug|Any CPU
		{4C282FF1-9D7F-4124-974B-4294A0DC6E4F}.Debug|Any CPU.Build.0 = Debug|Any CPU
		{4C282FF1-9D7F-4124-974B-4294A0DC6E4F}.Release|Any CPU.ActiveCfg = Release|Any CPU
		{4C282FF1-9D7F-4124-974B-4294A0DC6E4F}.Release|Any CPU.Build.0 = Release|Any CPU
		{C212B325-2011-4746-A221-719C630356FF}.Debug|Any CPU.ActiveCfg = Debug|Any CPU
		{C212B325-2011-4746-A221-719C630356FF}.Debug|Any CPU.Build.0 = Debug|Any CPU
		{C212B325-2011-4746-A221-719C630356FF}.Release|Any CPU.ActiveCfg = Release|Any CPU
		{C212B325-2011-4746-A221-719C630356FF}.Release|Any CPU.Build.0 = Release|Any CPU
		{DBE74AB9-A226-48FB-B1A1-6663A14341F8}.Debug|Any CPU.ActiveCfg = Debug|Any CPU
		{DBE74AB9-A226-48FB-B1A1-6663A14341F8}.Debug|Any CPU.Build.0 = Debug|Any CPU
		{DBE74AB9-A226-48FB-B1A1-6663A14341F8}.Release|Any CPU.ActiveCfg = Release|Any CPU
		{DBE74AB9-A226-48FB-B1A1-6663A14341F8}.Release|Any CPU.Build.0 = Release|Any CPU
	EndGlobalSection
	GlobalSection(SolutionProperties) = preSolution
		HideSolutionNode = FALSE
	EndGlobalSection
	GlobalSection(NestedProjects) = preSolution
		{0670900B-9917-4BF0-BF85-A6944D580F8E} = {44BAC0C7-3AFA-4FB9-91C7-206929C52DB7}
		{29CEA0F3-0787-4E57-B00C-D88012CF9EAA} = {0670900B-9917-4BF0-BF85-A6944D580F8E}
		{3F66B977-45A1-428F-BD8A-DD7EFC698680} = {0670900B-9917-4BF0-BF85-A6944D580F8E}
		{925F9C92-B1C4-4F44-99D7-C05CA103F64A} = {0670900B-9917-4BF0-BF85-A6944D580F8E}
		{6F961542-C4D8-47DB-A80E-4F72E2192452} = {29CEA0F3-0787-4E57-B00C-D88012CF9EAA}
		{4C282FF1-9D7F-4124-974B-4294A0DC6E4F} = {3F66B977-45A1-428F-BD8A-DD7EFC698680}
		{C212B325-2011-4746-A221-719C630356FF} = {925F9C92-B1C4-4F44-99D7-C05CA103F64A}
		{03C7DF9F-D2A7-4DB0-B2B6-0E7AAA82FC82} = {44BAC0C7-3AFA-4FB9-91C7-206929C52DB7}
		{DBE74AB9-A226-48FB-B1A1-6663A14341F8} = {03C7DF9F-D2A7-4DB0-B2B6-0E7AAA82FC82}
	EndGlobalSection
	GlobalSection(ExtensibilityGlobals) = postSolution
		SolutionGuid = {62A11BD6-AE7B-4329-9F34-607108C675B2}
	EndGlobalSection
EndGlobal
